// !$*UTF8*$!
{
	archiveVersion = 1;
	classes = {
	};
	objectVersion = 55;
	objects = {

/* Begin PBXBuildFile section */
		513BD8482A4B3F60008305E4 /* DemoApp.swift in Sources */ = {isa = PBXBuildFile; fileRef = 513BD8472A4B3F60008305E4 /* DemoApp.swift */; };
		513BD84A2A4B3F60008305E4 /* ContentView.swift in Sources */ = {isa = PBXBuildFile; fileRef = 513BD8492A4B3F60008305E4 /* ContentView.swift */; };
		513BD84C2A4B3F6D008305E4 /* Assets.xcassets in Resources */ = {isa = PBXBuildFile; fileRef = 513BD84B2A4B3F6D008305E4 /* Assets.xcassets */; };
		513BD84F2A4B3F6D008305E4 /* Preview Assets.xcassets in Resources */ = {isa = PBXBuildFile; fileRef = 513BD84E2A4B3F6D008305E4 /* Preview Assets.xcassets */; };
		513BD85A2A4B411D008305E4 /* ListViewModel.swift in Sources */ = {isa = PBXBuildFile; fileRef = 513BD8592A4B411D008305E4 /* ListViewModel.swift */; };
		513BD85C2A4B413C008305E4 /* ItemCellView.swift in Sources */ = {isa = PBXBuildFile; fileRef = 513BD85B2A4B413C008305E4 /* ItemCellView.swift */; };
		513BD85E2A4B414B008305E4 /* Constants.swift in Sources */ = {isa = PBXBuildFile; fileRef = 513BD85D2A4B414B008305E4 /* Constants.swift */; };
		513BD8602A4B4158008305E4 /* Item.swift in Sources */ = {isa = PBXBuildFile; fileRef = 513BD85F2A4B4158008305E4 /* Item.swift */; };
		513BD8622A4B416C008305E4 /* NetworkManager.swift in Sources */ = {isa = PBXBuildFile; fileRef = 513BD8612A4B416C008305E4 /* NetworkManager.swift */; };
		513BD8682A4B5329008305E4 /* LocalItems.json in Resources */ = {isa = PBXBuildFile; fileRef = 513BD8672A4B5329008305E4 /* LocalItems.json */; };
/* End PBXBuildFile section */

/* Begin PBXFileReference section */
		513BD8442A4B3F60008305E4 /* Demo.app */ = {isa = PBXFileReference; explicitFileType = wrapper.application; includeInIndex = 0; path = Demo.app; sourceTree = BUILT_PRODUCTS_DIR; };
		513BD8472A4B3F60008305E4 /* DemoApp.swift */ = {isa = PBXFileReference; lastKnownFileType = sourcecode.swift; path = DemoApp.swift; sourceTree = "<group>"; };
		513BD8492A4B3F60008305E4 /* ContentView.swift */ = {isa = PBXFileReference; lastKnownFileType = sourcecode.swift; path = ContentView.swift; sourceTree = "<group>"; };
		513BD84B2A4B3F6D008305E4 /* Assets.xcassets */ = {isa = PBXFileReference; lastKnownFileType = folder.assetcatalog; path = Assets.xcassets; sourceTree = "<group>"; };
		513BD84E2A4B3F6D008305E4 /* Preview Assets.xcassets */ = {isa = PBXFileReference; lastKnownFileType = folder.assetcatalog; path = "Preview Assets.xcassets"; sourceTree = "<group>"; };
		513BD8592A4B411D008305E4 /* ListViewModel.swift */ = {isa = PBXFileReference; lastKnownFileType = sourcecode.swift; path = ListViewModel.swift; sourceTree = "<group>"; };
		513BD85B2A4B413C008305E4 /* ItemCellView.swift */ = {isa = PBXFileReference; lastKnownFileType = sourcecode.swift; path = ItemCellView.swift; sourceTree = "<group>"; };
		513BD85D2A4B414B008305E4 /* Constants.swift */ = {isa = PBXFileReference; lastKnownFileType = sourcecode.swift; path = Constants.swift; sourceTree = "<group>"; };
		513BD85F2A4B4158008305E4 /* Item.swift */ = {isa = PBXFileReference; lastKnownFileType = sourcecode.swift; path = Item.swift; sourceTree = "<group>"; };
		513BD8612A4B416C008305E4 /* NetworkManager.swift */ = {isa = PBXFileReference; lastKnownFileType = sourcecode.swift; path = NetworkManager.swift; sourceTree = "<group>"; };
		513BD8672A4B5329008305E4 /* LocalItems.json */ = {isa = PBXFileReference; fileEncoding = 4; lastKnownFileType = text.json; name = LocalItems.json; path = Demo/LocalItems.json; sourceTree = SOURCE_ROOT; };
/* End PBXFileReference section */

/* Begin PBXFrameworksBuildPhase section */
		513BD8412A4B3F60008305E4 /* Frameworks */ = {
			isa = PBXFrameworksBuildPhase;
			buildActionMask = 2147483647;
			files = (
			);
			runOnlyForDeploymentPostprocessing = 0;
		};
/* End PBXFrameworksBuildPhase section */

/* Begin PBXGroup section */
		513BD83B2A4B3F5F008305E4 = {
			isa = PBXGroup;
			children = (
				513BD8462A4B3F60008305E4 /* Demo */,
				513BD8452A4B3F60008305E4 /* Products */,
			);
			sourceTree = "<group>";
		};
		513BD8452A4B3F60008305E4 /* Products */ = {
			isa = PBXGroup;
			children = (
				513BD8442A4B3F60008305E4 /* Demo.app */,
			);
			name = Products;
			sourceTree = "<group>";
		};
		513BD8462A4B3F60008305E4 /* Demo */ = {
			isa = PBXGroup;
			children = (
				513BD8582A4B40E4008305E4 /* Helper */,
				513BD8572A4B40D4008305E4 /* ViewModel */,
				513BD8562A4B40C8008305E4 /* Views */,
				513BD8552A4B40BF008305E4 /* Models */,
				513BD8472A4B3F60008305E4 /* DemoApp.swift */,
				513BD8612A4B416C008305E4 /* NetworkManager.swift */,
				513BD84B2A4B3F6D008305E4 /* Assets.xcassets */,
				513BD84D2A4B3F6D008305E4 /* Preview Content */,
			);
			path = Demo;
			sourceTree = "<group>";
		};
		513BD84D2A4B3F6D008305E4 /* Preview Content */ = {
			isa = PBXGroup;
			children = (
				513BD84E2A4B3F6D008305E4 /* Preview Assets.xcassets */,
			);
			path = "Preview Content";
			sourceTree = "<group>";
		};
		513BD8552A4B40BF008305E4 /* Models */ = {
			isa = PBXGroup;
			children = (
				513BD8672A4B5329008305E4 /* LocalItems.json */,
				513BD85F2A4B4158008305E4 /* Item.swift */,
			);
			path = Models;
			sourceTree = "<group>";
		};
		513BD8562A4B40C8008305E4 /* Views */ = {
			isa = PBXGroup;
			children = (
				513BD8492A4B3F60008305E4 /* ContentView.swift */,
				513BD85B2A4B413C008305E4 /* ItemCellView.swift */,
			);
			path = Views;
			sourceTree = "<group>";
		};
		513BD8572A4B40D4008305E4 /* ViewModel */ = {
			isa = PBXGroup;
			children = (
				513BD8592A4B411D008305E4 /* ListViewModel.swift */,
			);
			path = ViewModel;
			sourceTree = "<group>";
		};
		513BD8582A4B40E4008305E4 /* Helper */ = {
			isa = PBXGroup;
			children = (
				513BD85D2A4B414B008305E4 /* Constants.swift */,
			);
			path = Helper;
			sourceTree = "<group>";
		};
/* End PBXGroup section */

/* Begin PBXNativeTarget section */
		513BD8432A4B3F60008305E4 /* Demo */ = {
			isa = PBXNativeTarget;
			buildConfigurationList = 513BD8522A4B3F6D008305E4 /* Build configuration list for PBXNativeTarget "Demo" */;
			buildPhases = (
				513BD8402A4B3F60008305E4 /* Sources */,
				513BD8412A4B3F60008305E4 /* Frameworks */,
				513BD8422A4B3F60008305E4 /* Resources */,
			);
			buildRules = (
			);
			dependencies = (
			);
			name = Demo;
			productName = Demo;
			productReference = 513BD8442A4B3F60008305E4 /* Demo.app */;
			productType = "com.apple.product-type.application";
		};
/* End PBXNativeTarget section */

/* Begin PBXProject section */
		513BD83C2A4B3F5F008305E4 /* Project object */ = {
			isa = PBXProject;
			attributes = {
				BuildIndependentTargetsInParallel = 1;
				LastSwiftUpdateCheck = 1340;
				LastUpgradeCheck = 1340;
				TargetAttributes = {
					513BD8432A4B3F60008305E4 = {
						CreatedOnToolsVersion = 13.4;
					};
				};
			};
			buildConfigurationList = 513BD83F2A4B3F5F008305E4 /* Build configuration list for PBXProject "Demo" */;
			compatibilityVersion = "Xcode 13.0";
			developmentRegion = en;
			hasScannedForEncodings = 0;
			knownRegions = (
				en,
				Base,
			);
			mainGroup = 513BD83B2A4B3F5F008305E4;
			productRefGroup = 513BD8452A4B3F60008305E4 /* Products */;
			projectDirPath = "";
			projectRoot = "";
			targets = (
				513BD8432A4B3F60008305E4 /* Demo */,
			);
		};
/* End PBXProject section */

/* Begin PBXResourcesBuildPhase section */
		513BD8422A4B3F60008305E4 /* Resources */ = {
			isa = PBXResourcesBuildPhase;
			buildActionMask = 2147483647;
			files = (
				513BD8682A4B5329008305E4 /* LocalItems.json in Resources */,
				513BD84F2A4B3F6D008305E4 /* Preview Assets.xcassets in Resources */,
				513BD84C2A4B3F6D008305E4 /* Assets.xcassets in Resources */,
			);
			runOnlyForDeploymentPostprocessing = 0;
		};
/* End PBXResourcesBuildPhase section */

/* Begin PBXSourcesBuildPhase section */
		513BD8402A4B3F60008305E4 /* Sources */ = {
			isa = PBXSourcesBuildPhase;
			buildActionMask = 2147483647;
			files = (
				513BD85E2A4B414B008305E4 /* Constants.swift in Sources */,
				513BD84A2A4B3F60008305E4 /* ContentView.swift in Sources */,
				513BD8482A4B3F60008305E4 /* DemoApp.swift in Sources */,
				513BD8622A4B416C008305E4 /* NetworkManager.swift in Sources */,
				513BD85A2A4B411D008305E4 /* ListViewModel.swift in Sources */,
				513BD8602A4B4158008305E4 /* Item.swift in Sources */,
				513BD85C2A4B413C008305E4 /* ItemCellView.swift in Sources */,
			);
			runOnlyForDeploymentPostprocessing = 0;
		};
/* End PBXSourcesBuildPhase section */

/* Begin XCBuildConfiguration section */
		513BD8502A4B3F6D008305E4 /* Debug */ = {
			isa = XCBuildConfiguration;
			buildSettings = {
				ALWAYS_SEARCH_USER_PATHS = NO;
				CLANG_ANALYZER_NONNULL = YES;
				CLANG_ANALYZER_NUMBER_OBJECT_CONVERSION = YES_AGGRESSIVE;
				CLANG_CXX_LANGUAGE_STANDARD = "gnu++17";
				CLANG_ENABLE_MODULES = YES;
				CLANG_ENABLE_OBJC_ARC = YES;
				CLANG_ENABLE_OBJC_WEAK = YES;
				CLANG_WARN_BLOCK_CAPTURE_AUTORELEASING = YES;
				CLANG_WARN_BOOL_CONVERSION = YES;
				CLANG_WARN_COMMA = YES;
				CLANG_WARN_CONSTANT_CONVERSION = YES;
				CLANG_WARN_DEPRECATED_OBJC_IMPLEMENTATIONS = YES;
				CLANG_WARN_DIRECT_OBJC_ISA_USAGE = YES_ERROR;
				CLANG_WARN_DOCUMENTATION_COMMENTS = YES;
				CLANG_WARN_EMPTY_BODY = YES;
				CLANG_WARN_ENUM_CONVERSION = YES;
				CLANG_WARN_INFINITE_RECURSION = YES;
				CLANG_WARN_INT_CONVERSION = YES;
				CLANG_WARN_NON_LITERAL_NULL_CONVERSION = YES;
				CLANG_WARN_OBJC_IMPLICIT_RETAIN_SELF = YES;
				CLANG_WARN_OBJC_LITERAL_CONVERSION = YES;
				CLANG_WARN_OBJC_ROOT_CLASS = YES_ERROR;
				CLANG_WARN_QUOTED_INCLUDE_IN_FRAMEWORK_HEADER = YES;
				CLANG_WARN_RANGE_LOOP_ANALYSIS = YES;
				CLANG_WARN_STRICT_PROTOTYPES = YES;
				CLANG_WARN_SUSPICIOUS_MOVE = YES;
				CLANG_WARN_UNGUARDED_AVAILABILITY = YES_AGGRESSIVE;
				CLANG_WARN_UNREACHABLE_CODE = YES;
				CLANG_WARN__DUPLICATE_METHOD_MATCH = YES;
				COPY_PHASE_STRIP = NO;
				DEBUG_INFORMATION_FORMAT = dwarf;
				ENABLE_STRICT_OBJC_MSGSEND = YES;
				ENABLE_TESTABILITY = YES;
				GCC_C_LANGUAGE_STANDARD = gnu11;
				GCC_DYNAMIC_NO_PIC = NO;
				GCC_NO_COMMON_BLOCKS = YES;
				GCC_OPTIMIZATION_LEVEL = 0;
				GCC_PREPROCESSOR_DEFINITIONS = (
					"DEBUG=1",
					"$(inherited)",
				);
				GCC_WARN_64_TO_32_BIT_CONVERSION = YES;
				GCC_WARN_ABOUT_RETURN_TYPE = YES_ERROR;
				GCC_WARN_UNDECLARED_SELECTOR = YES;
				GCC_WARN_UNINITIALIZED_AUTOS = YES_AGGRESSIVE;
				GCC_WARN_UNUSED_FUNCTION = YES;
				GCC_WARN_UNUSED_VARIABLE = YES;
				IPHONEOS_DEPLOYMENT_TARGET = 15.5;
				MTL_ENABLE_DEBUG_INFO = INCLUDE_SOURCE;
				MTL_FAST_MATH = YES;
				ONLY_ACTIVE_ARCH = YES;
				SDKROOT = iphoneos;
				SWIFT_ACTIVE_COMPILATION_CONDITIONS = DEBUG;
				SWIFT_OPTIMIZATION_LEVEL = "-Onone";
			};
			name = Debug;
		};
		513BD8512A4B3F6D008305E4 /* Release */ = {
			isa = XCBuildConfiguration;
			buildSettings = {
				ALWAYS_SEARCH_USER_PATHS = NO;
				CLANG_ANALYZER_NONNULL = YES;
				CLANG_ANALYZER_NUMBER_OBJECT_CONVERSION = YES_AGGRESSIVE;
				CLANG_CXX_LANGUAGE_STANDARD = "gnu++17";
				CLANG_ENABLE_MODULES = YES;
				CLANG_ENABLE_OBJC_ARC = YES;
				CLANG_ENABLE_OBJC_WEAK = YES;
				CLANG_WARN_BLOCK_CAPTURE_AUTORELEASING = YES;
				CLANG_WARN_BOOL_CONVERSION = YES;
				CLANG_WARN_COMMA = YES;
				CLANG_WARN_CONSTANT_CONVERSION = YES;
				CLANG_WARN_DEPRECATED_OBJC_IMPLEMENTATIONS = YES;
				CLANG_WARN_DIRECT_OBJC_ISA_USAGE = YES_ERROR;
				CLANG_WARN_DOCUMENTATION_COMMENTS = YES;
				CLANG_WARN_EMPTY_BODY = YES;
				CLANG_WARN_ENUM_CONVERSION = YES;
				CLANG_WARN_INFINITE_RECURSION = YES;
				CLANG_WARN_INT_CONVERSION = YES;
				CLANG_WARN_NON_LITERAL_NULL_CONVERSION = YES;
				CLANG_WARN_OBJC_IMPLICIT_RETAIN_SELF = YES;
				CLANG_WARN_OBJC_LITERAL_CONVERSION = YES;
				CLANG_WARN_OBJC_ROOT_CLASS = YES_ERROR;
				CLANG_WARN_QUOTED_INCLUDE_IN_FRAMEWORK_HEADER = YES;
				CLANG_WARN_RANGE_LOOP_ANALYSIS = YES;
				CLANG_WARN_STRICT_PROTOTYPES = YES;
				CLANG_WARN_SUSPICIOUS_MOVE = YES;
				CLANG_WARN_UNGUARDED_AVAILABILITY = YES_AGGRESSIVE;
				CLANG_WARN_UNREACHABLE_CODE = YES;
				CLANG_WARN__DUPLICATE_METHOD_MATCH = YES;
				COPY_PHASE_STRIP = NO;
				DEBUG_INFORMATION_FORMAT = "dwarf-with-dsym";
				ENABLE_NS_ASSERTIONS = NO;
				ENABLE_STRICT_OBJC_MSGSEND = YES;
				GCC_C_LANGUAGE_STANDARD = gnu11;
				GCC_NO_COMMON_BLOCKS = YES;
				GCC_WARN_64_TO_32_BIT_CONVERSION = YES;
				GCC_WARN_ABOUT_RETURN_TYPE = YES_ERROR;
				GCC_WARN_UNDECLARED_SELECTOR = YES;
				GCC_WARN_UNINITIALIZED_AUTOS = YES_AGGRESSIVE;
				GCC_WARN_UNUSED_FUNCTION = YES;
				GCC_WARN_UNUSED_VARIABLE = YES;
				IPHONEOS_DEPLOYMENT_TARGET = 15.5;
				MTL_ENABLE_DEBUG_INFO = NO;
				MTL_FAST_MATH = YES;
				SDKROOT = iphoneos;
				SWIFT_COMPILATION_MODE = wholemodule;
				SWIFT_OPTIMIZATION_LEVEL = "-O";
				VALIDATE_PRODUCT = YES;
			};
			name = Release;
		};
		513BD8532A4B3F6D008305E4 /* Debug */ = {
			isa = XCBuildConfiguration;
			buildSettings = {
				ASSETCATALOG_COMPILER_APPICON_NAME = AppIcon;
				ASSETCATALOG_COMPILER_GLOBAL_ACCENT_COLOR_NAME = AccentColor;
				CODE_SIGN_STYLE = Automatic;
				CURRENT_PROJECT_VERSION = 1;
				DEVELOPMENT_ASSET_PATHS = "\"Demo/Preview Content\"";
				ENABLE_PREVIEWS = YES;
				GENERATE_INFOPLIST_FILE = YES;
				INFOPLIST_KEY_UIApplicationSceneManifest_Generation = YES;
				INFOPLIST_KEY_UIApplicationSupportsIndirectInputEvents = YES;
				INFOPLIST_KEY_UILaunchScreen_Generation = YES;
				INFOPLIST_KEY_UISupportedInterfaceOrientations_iPad = "UIInterfaceOrientationPortrait UIInterfaceOrientationPortraitUpsideDown UIInterfaceOrientationLandscapeLeft UIInterfaceOrientationLandscapeRight";
				INFOPLIST_KEY_UISupportedInterfaceOrientations_iPhone = "UIInterfaceOrientationPortrait UIInterfaceOrientationLandscapeLeft UIInterfaceOrientationLandscapeRight";
				LD_RUNPATH_SEARCH_PATHS = (
					"$(inherited)",
					"@executable_path/Frameworks",
				);
				MARKETING_VERSION = 1.0;
				PRODUCT_BUNDLE_IDENTIFIER = com.StanfordBridge.Demo;
				PRODUCT_NAME = "$(TARGET_NAME)";
				SWIFT_EMIT_LOC_STRINGS = YES;
				SWIFT_VERSION = 5.0;
				TARGETED_DEVICE_FAMILY = "1,2";
			};
			name = Debug;
		};
		513BD8542A4B3F6D008305E4 /* Release */ = {
			isa = XCBuildConfiguration;
			buildSettings = {
				ASSETCATALOG_COMPILER_APPICON_NAME = AppIcon;
				ASSETCATALOG_COMPILER_GLOBAL_ACCENT_COLOR_NAME = AccentColor;
				CODE_SIGN_STYLE = Automatic;
				CURRENT_PROJECT_VERSION = 1;
				DEVELOPMENT_ASSET_PATHS = "\"Demo/Preview Content\"";
				ENABLE_PREVIEWS = YES;
				GENERATE_INFOPLIST_FILE = YES;
				INFOPLIST_KEY_UIApplicationSceneManifest_Generation = YES;
				INFOPLIST_KEY_UIApplicationSupportsIndirectInputEvents = YES;
				INFOPLIST_KEY_UILaunchScreen_Generation = YES;
				INFOPLIST_KEY_UISupportedInterfaceOrientations_iPad = "UIInterfaceOrientationPortrait UIInterfaceOrientationPortraitUpsideDown UIInterfaceOrientationLandscapeLeft UIInterfaceOrientationLandscapeRight";
				INFOPLIST_KEY_UISupportedInterfaceOrientations_iPhone = "UIInterfaceOrientationPortrait UIInterfaceOrientationLandscapeLeft UIInterfaceOrientationLandscapeRight";
				LD_RUNPATH_SEARCH_PATHS = (
					"$(inherited)",
					"@executable_path/Frameworks",
				);
				MARKETING_VERSION = 1.0;
				PRODUCT_BUNDLE_IDENTIFIER = com.StanfordBridge.Demo;
				PRODUCT_NAME = "$(TARGET_NAME)";
				SWIFT_EMIT_LOC_STRINGS = YES;
				SWIFT_VERSION = 5.0;
				TARGETED_DEVICE_FAMILY = "1,2";
			};
			name = Release;
		};
/* End XCBuildConfiguration section */

/* Begin XCConfigurationList section */
		513BD83F2A4B3F5F008305E4 /* Build configuration list for PBXProject "Demo" */ = {
			isa = XCConfigurationList;
			buildConfigurations = (
				513BD8502A4B3F6D008305E4 /* Debug */,
				513BD8512A4B3F6D008305E4 /* Release */,
			);
			defaultConfigurationIsVisible = 0;
			defaultConfigurationName = Release;
		};
		513BD8522A4B3F6D008305E4 /* Build configuration list for PBXNativeTarget "Demo" */ = {
			isa = XCConfigurationList;
			buildConfigurations = (
				513BD8532A4B3F6D008305E4 /* Debug */,
				513BD8542A4B3F6D008305E4 /* Release */,
			);
			defaultConfigurationIsVisible = 0;
			defaultConfigurationName = Release;
		};
/* End XCConfigurationList section */
	};
	rootObject = 513BD83C2A4B3F5F008305E4 /* Project object */;
}
